
Microsoft Visual Studio Solution File, Format Version 12.00
# Visual Studio Version 17
VisualStudioVersion = 17.0.31903.59
MinimumVisualStudioVersion = 10.0.40219.1
Project("{2150E333-8FDC-42A3-9474-1A3956D46DE8}") = "CineFront", "CineFront", "{BE2149AF-28F6-4885-91CA-010AE7F0A6E1}"
EndProject
Project("{FAE04EC0-301F-11D3-BF4B-00C04F79EFBC}") = "CineFront", "CineFront\CineFront\CineFront.csproj", "{6BBAF541-78C9-487D-A240-42EC3C9FB7EB}"
EndProject
Project("{2150E333-8FDC-42A3-9474-1A3956D46DE8}") = "CineBack", "CineBack", "{5839BD47-CF65-4B23-B8A0-BDA07143D8C9}"
EndProject
Project("{FAE04EC0-301F-11D3-BF4B-00C04F79EFBC}") = "CineBack", "CineBack\CineBack\CineBack.csproj", "{D1F98466-DD57-438D-A276-1EF0FD66C0C5}"
EndProject
Global
	GlobalSection(SolutionConfigurationPlatforms) = preSolution
		Debug|Any CPU = Debug|Any CPU
		Release|Any CPU = Release|Any CPU
	EndGlobalSection
	GlobalSection(SolutionProperties) = preSolution
		HideSolutionNode = FALSE
	EndGlobalSection
	GlobalSection(ProjectConfigurationPlatforms) = postSolution
		{6BBAF541-78C9-487D-A240-42EC3C9FB7EB}.Debug|Any CPU.ActiveCfg = Debug|Any CPU
		{6BBAF541-78C9-487D-A240-42EC3C9FB7EB}.Debug|Any CPU.Build.0 = Debug|Any CPU
		{6BBAF541-78C9-487D-A240-42EC3C9FB7EB}.Release|Any CPU.ActiveCfg = Release|Any CPU
		{6BBAF541-78C9-487D-A240-42EC3C9FB7EB}.Release|Any CPU.Build.0 = Release|Any CPU
		{D1F98466-DD57-438D-A276-1EF0FD66C0C5}.Debug|Any CPU.ActiveCfg = Debug|Any CPU
		{D1F98466-DD57-438D-A276-1EF0FD66C0C5}.Debug|Any CPU.Build.0 = Debug|Any CPU
		{D1F98466-DD57-438D-A276-1EF0FD66C0C5}.Release|Any CPU.ActiveCfg = Release|Any CPU
		{D1F98466-DD57-438D-A276-1EF0FD66C0C5}.Release|Any CPU.Build.0 = Release|Any CPU
	EndGlobalSection
	GlobalSection(NestedProjects) = preSolution
		{6BBAF541-78C9-487D-A240-42EC3C9FB7EB} = {BE2149AF-28F6-4885-91CA-010AE7F0A6E1}
		{D1F98466-DD57-438D-A276-1EF0FD66C0C5} = {5839BD47-CF65-4B23-B8A0-BDA07143D8C9}
	EndGlobalSection
EndGlobal
